
Microsoft Visual Studio Solution File, Format Version 12.00
# Visual Studio Version 17
VisualStudioVersion = 17.9.34518.117
MinimumVisualStudioVersion = 10.0.40219.1
Project("{FAE04EC0-301F-11D3-BF4B-00C04F79EFBC}") = "MvcMovie", "MvcMovie\MvcMovie.csproj", "{2EDDC30B-053B-43D0-A9B8-97DF33B2EDE1}"
EndProject
Global
	GlobalSection(SolutionConfigurationPlatforms) = preSolution
		Debug|Any CPU = Debug|Any CPU
		Release|Any CPU = Release|Any CPU
	EndGlobalSection
	GlobalSection(ProjectConfigurationPlatforms) = postSolution
		{2EDDC30B-053B-43D0-A9B8-97DF33B2EDE1}.Debug|Any CPU.ActiveCfg = Debug|Any CPU
		{2EDDC30B-053B-43D0-A9B8-97DF33B2EDE1}.Debug|Any CPU.Build.0 = Debug|Any CPU
		{2EDDC30B-053B-43D0-A9B8-97DF33B2EDE1}.Release|Any CPU.ActiveCfg = Release|Any CPU
		{2EDDC30B-053B-43D0-A9B8-97DF33B2EDE1}.Release|Any CPU.Build.0 = Release|Any CPU
	EndGlobalSection
	GlobalSection(SolutionProperties) = preSolution
		HideSolutionNode = FALSE
	EndGlobalSection
	GlobalSection(ExtensibilityGlobals) = postSolution
		SolutionGuid = {0C78A81F-13B0-43DC-A4A0-3623B4935B23}
	EndGlobalSection
EndGlobal
